// !$*UTF8*$!
{
	archiveVersion = 1;
	classes = {
	};
	objectVersion = 56;
	objects = {

/* Begin PBXBuildFile section */
		8C4212E42BBFE5F200B55718 /* GoogleCloudKit in Frameworks */ = {isa = PBXBuildFile; productRef = 8C4212E32BBFE5F200B55718 /* GoogleCloudKit */; };
		8C4212F52BC21CB100B55718 /* LaunchView.swift in Sources */ = {isa = PBXBuildFile; fileRef = 8C4212F22BC21CB100B55718 /* LaunchView.swift */; };
		8C4212F62BC21CB100B55718 /* HomeView.swift in Sources */ = {isa = PBXBuildFile; fileRef = 8C4212F32BC21CB100B55718 /* HomeView.swift */; };
		8C4212F72BC21CB100B55718 /* Utilities.swift in Sources */ = {isa = PBXBuildFile; fileRef = 8C4212F42BC21CB100B55718 /* Utilities.swift */; };
		8C4212FC2BC39F5A00B55718 /* Router.swift in Sources */ = {isa = PBXBuildFile; fileRef = 8C4212FB2BC39F5A00B55718 /* Router.swift */; };
		8C4212FE2BC3A05C00B55718 /* ReportBugView.swift in Sources */ = {isa = PBXBuildFile; fileRef = 8C4212FD2BC3A05C00B55718 /* ReportBugView.swift */; };
		8C4213002BC3A0DA00B55718 /* LatestBugsView.swift in Sources */ = {isa = PBXBuildFile; fileRef = 8C4212FF2BC3A0DA00B55718 /* LatestBugsView.swift */; };
		8C4213022BC3C37300B55718 /* BugWidget.swift in Sources */ = {isa = PBXBuildFile; fileRef = 8C4213012BC3C37300B55718 /* BugWidget.swift */; };
		8C4213062BC3EB1600B55718 /* BugDataModel.swift in Sources */ = {isa = PBXBuildFile; fileRef = 8C4213052BC3EB1600B55718 /* BugDataModel.swift */; };
		8C4213082BC3EFDD00B55718 /* BugDetailsView.swift in Sources */ = {isa = PBXBuildFile; fileRef = 8C4213072BC3EFDD00B55718 /* BugDetailsView.swift */; };
		8CB3DA482BBDD13600C8F5E3 /* ReportItApp.swift in Sources */ = {isa = PBXBuildFile; fileRef = 8CB3DA472BBDD13600C8F5E3 /* ReportItApp.swift */; };
		8CB3DA4C2BBDD13900C8F5E3 /* Assets.xcassets in Resources */ = {isa = PBXBuildFile; fileRef = 8CB3DA4B2BBDD13900C8F5E3 /* Assets.xcassets */; };
		8CB3DA4F2BBDD13900C8F5E3 /* Preview Assets.xcassets in Resources */ = {isa = PBXBuildFile; fileRef = 8CB3DA4E2BBDD13900C8F5E3 /* Preview Assets.xcassets */; };
		8CB3DA592BBDD13900C8F5E3 /* ReportItTests.swift in Sources */ = {isa = PBXBuildFile; fileRef = 8CB3DA582BBDD13900C8F5E3 /* ReportItTests.swift */; };
		8CB3DA632BBDD13900C8F5E3 /* ReportItUITests.swift in Sources */ = {isa = PBXBuildFile; fileRef = 8CB3DA622BBDD13900C8F5E3 /* ReportItUITests.swift */; };
		8CB3DA652BBDD13900C8F5E3 /* ReportItUITestsLaunchTests.swift in Sources */ = {isa = PBXBuildFile; fileRef = 8CB3DA642BBDD13900C8F5E3 /* ReportItUITestsLaunchTests.swift */; };
/* End PBXBuildFile section */

/* Begin PBXContainerItemProxy section */
		8CB3DA552BBDD13900C8F5E3 /* PBXContainerItemProxy */ = {
			isa = PBXContainerItemProxy;
			containerPortal = 8CB3DA3C2BBDD13600C8F5E3 /* Project object */;
			proxyType = 1;
			remoteGlobalIDString = 8CB3DA432BBDD13600C8F5E3;
			remoteInfo = ReportIt;
		};
		8CB3DA5F2BBDD13900C8F5E3 /* PBXContainerItemProxy */ = {
			isa = PBXContainerItemProxy;
			containerPortal = 8CB3DA3C2BBDD13600C8F5E3 /* Project object */;
			proxyType = 1;
			remoteGlobalIDString = 8CB3DA432BBDD13600C8F5E3;
			remoteInfo = ReportIt;
		};
/* End PBXContainerItemProxy section */

/* Begin PBXFileReference section */
		8C4212F22BC21CB100B55718 /* LaunchView.swift */ = {isa = PBXFileReference; fileEncoding = 4; lastKnownFileType = sourcecode.swift; path = LaunchView.swift; sourceTree = "<group>"; };
		8C4212F32BC21CB100B55718 /* HomeView.swift */ = {isa = PBXFileReference; fileEncoding = 4; lastKnownFileType = sourcecode.swift; path = HomeView.swift; sourceTree = "<group>"; };
		8C4212F42BC21CB100B55718 /* Utilities.swift */ = {isa = PBXFileReference; fileEncoding = 4; lastKnownFileType = sourcecode.swift; path = Utilities.swift; sourceTree = "<group>"; };
		8C4212FA2BC21E6000B55718 /* Info.plist */ = {isa = PBXFileReference; lastKnownFileType = text.plist; path = Info.plist; sourceTree = "<group>"; };
		8C4212FB2BC39F5A00B55718 /* Router.swift */ = {isa = PBXFileReference; lastKnownFileType = sourcecode.swift; path = Router.swift; sourceTree = "<group>"; };
		8C4212FD2BC3A05C00B55718 /* ReportBugView.swift */ = {isa = PBXFileReference; lastKnownFileType = sourcecode.swift; path = ReportBugView.swift; sourceTree = "<group>"; };
		8C4212FF2BC3A0DA00B55718 /* LatestBugsView.swift */ = {isa = PBXFileReference; lastKnownFileType = sourcecode.swift; path = LatestBugsView.swift; sourceTree = "<group>"; };
		8C4213012BC3C37300B55718 /* BugWidget.swift */ = {isa = PBXFileReference; lastKnownFileType = sourcecode.swift; path = BugWidget.swift; sourceTree = "<group>"; };
		8C4213052BC3EB1600B55718 /* BugDataModel.swift */ = {isa = PBXFileReference; lastKnownFileType = sourcecode.swift; path = BugDataModel.swift; sourceTree = "<group>"; };
		8C4213072BC3EFDD00B55718 /* BugDetailsView.swift */ = {isa = PBXFileReference; lastKnownFileType = sourcecode.swift; path = BugDetailsView.swift; sourceTree = "<group>"; };
		8CB3DA442BBDD13600C8F5E3 /* ReportIt.app */ = {isa = PBXFileReference; explicitFileType = wrapper.application; includeInIndex = 0; path = ReportIt.app; sourceTree = BUILT_PRODUCTS_DIR; };
		8CB3DA472BBDD13600C8F5E3 /* ReportItApp.swift */ = {isa = PBXFileReference; lastKnownFileType = sourcecode.swift; path = ReportItApp.swift; sourceTree = "<group>"; };
		8CB3DA4B2BBDD13900C8F5E3 /* Assets.xcassets */ = {isa = PBXFileReference; lastKnownFileType = folder.assetcatalog; path = Assets.xcassets; sourceTree = "<group>"; };
		8CB3DA4E2BBDD13900C8F5E3 /* Preview Assets.xcassets */ = {isa = PBXFileReference; lastKnownFileType = folder.assetcatalog; path = "Preview Assets.xcassets"; sourceTree = "<group>"; };
		8CB3DA542BBDD13900C8F5E3 /* ReportItTests.xctest */ = {isa = PBXFileReference; explicitFileType = wrapper.cfbundle; includeInIndex = 0; path = ReportItTests.xctest; sourceTree = BUILT_PRODUCTS_DIR; };
		8CB3DA582BBDD13900C8F5E3 /* ReportItTests.swift */ = {isa = PBXFileReference; lastKnownFileType = sourcecode.swift; path = ReportItTests.swift; sourceTree = "<group>"; };
		8CB3DA5E2BBDD13900C8F5E3 /* ReportItUITests.xctest */ = {isa = PBXFileReference; explicitFileType = wrapper.cfbundle; includeInIndex = 0; path = ReportItUITests.xctest; sourceTree = BUILT_PRODUCTS_DIR; };
		8CB3DA622BBDD13900C8F5E3 /* ReportItUITests.swift */ = {isa = PBXFileReference; lastKnownFileType = sourcecode.swift; path = ReportItUITests.swift; sourceTree = "<group>"; };
		8CB3DA642BBDD13900C8F5E3 /* ReportItUITestsLaunchTests.swift */ = {isa = PBXFileReference; lastKnownFileType = sourcecode.swift; path = ReportItUITestsLaunchTests.swift; sourceTree = "<group>"; };
/* End PBXFileReference section */

/* Begin PBXFrameworksBuildPhase section */
		8CB3DA412BBDD13600C8F5E3 /* Frameworks */ = {
			isa = PBXFrameworksBuildPhase;
			buildActionMask = 2147483647;
			files = (
				8C4212E42BBFE5F200B55718 /* GoogleCloudKit in Frameworks */,
			);
			runOnlyForDeploymentPostprocessing = 0;
		};
		8CB3DA512BBDD13900C8F5E3 /* Frameworks */ = {
			isa = PBXFrameworksBuildPhase;
			buildActionMask = 2147483647;
			files = (
			);
			runOnlyForDeploymentPostprocessing = 0;
		};
		8CB3DA5B2BBDD13900C8F5E3 /* Frameworks */ = {
			isa = PBXFrameworksBuildPhase;
			buildActionMask = 2147483647;
			files = (
			);
			runOnlyForDeploymentPostprocessing = 0;
		};
/* End PBXFrameworksBuildPhase section */

/* Begin PBXGroup section */
		8C4213032BC3E0AD00B55718 /* Views */ = {
			isa = PBXGroup;
			children = (
				8C4212F32BC21CB100B55718 /* HomeView.swift */,
				8C4212F22BC21CB100B55718 /* LaunchView.swift */,
				8C4212FD2BC3A05C00B55718 /* ReportBugView.swift */,
				8C4212FF2BC3A0DA00B55718 /* LatestBugsView.swift */,
				8C4213012BC3C37300B55718 /* BugWidget.swift */,
				8C4213072BC3EFDD00B55718 /* BugDetailsView.swift */,
			);
			path = Views;
			sourceTree = "<group>";
		};
		8C4213042BC3EAF100B55718 /* DataModels */ = {
			isa = PBXGroup;
			children = (
				8C4213052BC3EB1600B55718 /* BugDataModel.swift */,
			);
			path = DataModels;
			sourceTree = "<group>";
		};
		8CB3DA3B2BBDD13600C8F5E3 = {
			isa = PBXGroup;
			children = (
				8CB3DA462BBDD13600C8F5E3 /* ReportIt */,
				8CB3DA572BBDD13900C8F5E3 /* ReportItTests */,
				8CB3DA612BBDD13900C8F5E3 /* ReportItUITests */,
				8CB3DA452BBDD13600C8F5E3 /* Products */,
			);
			sourceTree = "<group>";
		};
		8CB3DA452BBDD13600C8F5E3 /* Products */ = {
			isa = PBXGroup;
			children = (
				8CB3DA442BBDD13600C8F5E3 /* ReportIt.app */,
				8CB3DA542BBDD13900C8F5E3 /* ReportItTests.xctest */,
				8CB3DA5E2BBDD13900C8F5E3 /* ReportItUITests.xctest */,
			);
			name = Products;
			sourceTree = "<group>";
		};
		8CB3DA462BBDD13600C8F5E3 /* ReportIt */ = {
			isa = PBXGroup;
			children = (
				8C4213042BC3EAF100B55718 /* DataModels */,
				8C4213032BC3E0AD00B55718 /* Views */,
				8C4212FA2BC21E6000B55718 /* Info.plist */,
				8CB3DA472BBDD13600C8F5E3 /* ReportItApp.swift */,
				8C4212F42BC21CB100B55718 /* Utilities.swift */,
				8C4212FB2BC39F5A00B55718 /* Router.swift */,
				8CB3DA4B2BBDD13900C8F5E3 /* Assets.xcassets */,
				8CB3DA4D2BBDD13900C8F5E3 /* Preview Content */,
			);
			path = ReportIt;
			sourceTree = "<group>";
		};
		8CB3DA4D2BBDD13900C8F5E3 /* Preview Content */ = {
			isa = PBXGroup;
			children = (
				8CB3DA4E2BBDD13900C8F5E3 /* Preview Assets.xcassets */,
			);
			path = "Preview Content";
			sourceTree = "<group>";
		};
		8CB3DA572BBDD13900C8F5E3 /* ReportItTests */ = {
			isa = PBXGroup;
			children = (
				8CB3DA582BBDD13900C8F5E3 /* ReportItTests.swift */,
			);
			path = ReportItTests;
			sourceTree = "<group>";
		};
		8CB3DA612BBDD13900C8F5E3 /* ReportItUITests */ = {
			isa = PBXGroup;
			children = (
				8CB3DA622BBDD13900C8F5E3 /* ReportItUITests.swift */,
				8CB3DA642BBDD13900C8F5E3 /* ReportItUITestsLaunchTests.swift */,
			);
			path = ReportItUITests;
			sourceTree = "<group>";
		};
/* End PBXGroup section */

/* Begin PBXNativeTarget section */
		8CB3DA432BBDD13600C8F5E3 /* ReportIt */ = {
			isa = PBXNativeTarget;
			buildConfigurationList = 8CB3DA682BBDD13900C8F5E3 /* Build configuration list for PBXNativeTarget "ReportIt" */;
			buildPhases = (
				8CB3DA402BBDD13600C8F5E3 /* Sources */,
				8CB3DA412BBDD13600C8F5E3 /* Frameworks */,
				8CB3DA422BBDD13600C8F5E3 /* Resources */,
			);
			buildRules = (
			);
			dependencies = (
			);
			name = ReportIt;
			packageProductDependencies = (
				8C4212E32BBFE5F200B55718 /* GoogleCloudKit */,
			);
			productName = ReportIt;
			productReference = 8CB3DA442BBDD13600C8F5E3 /* ReportIt.app */;
			productType = "com.apple.product-type.application";
		};
		8CB3DA532BBDD13900C8F5E3 /* ReportItTests */ = {
			isa = PBXNativeTarget;
			buildConfigurationList = 8CB3DA6B2BBDD13900C8F5E3 /* Build configuration list for PBXNativeTarget "ReportItTests" */;
			buildPhases = (
				8CB3DA502BBDD13900C8F5E3 /* Sources */,
				8CB3DA512BBDD13900C8F5E3 /* Frameworks */,
				8CB3DA522BBDD13900C8F5E3 /* Resources */,
			);
			buildRules = (
			);
			dependencies = (
				8CB3DA562BBDD13900C8F5E3 /* PBXTargetDependency */,
			);
			name = ReportItTests;
			productName = ReportItTests;
			productReference = 8CB3DA542BBDD13900C8F5E3 /* ReportItTests.xctest */;
			productType = "com.apple.product-type.bundle.unit-test";
		};
		8CB3DA5D2BBDD13900C8F5E3 /* ReportItUITests */ = {
			isa = PBXNativeTarget;
			buildConfigurationList = 8CB3DA6E2BBDD13900C8F5E3 /* Build configuration list for PBXNativeTarget "ReportItUITests" */;
			buildPhases = (
				8CB3DA5A2BBDD13900C8F5E3 /* Sources */,
				8CB3DA5B2BBDD13900C8F5E3 /* Frameworks */,
				8CB3DA5C2BBDD13900C8F5E3 /* Resources */,
			);
			buildRules = (
			);
			dependencies = (
				8CB3DA602BBDD13900C8F5E3 /* PBXTargetDependency */,
			);
			name = ReportItUITests;
			productName = ReportItUITests;
			productReference = 8CB3DA5E2BBDD13900C8F5E3 /* ReportItUITests.xctest */;
			productType = "com.apple.product-type.bundle.ui-testing";
		};
/* End PBXNativeTarget section */

/* Begin PBXProject section */
		8CB3DA3C2BBDD13600C8F5E3 /* Project object */ = {
			isa = PBXProject;
			attributes = {
				BuildIndependentTargetsInParallel = 1;
				LastSwiftUpdateCheck = 1520;
				LastUpgradeCheck = 1520;
				TargetAttributes = {
					8CB3DA432BBDD13600C8F5E3 = {
						CreatedOnToolsVersion = 15.2;
					};
					8CB3DA532BBDD13900C8F5E3 = {
						CreatedOnToolsVersion = 15.2;
						TestTargetID = 8CB3DA432BBDD13600C8F5E3;
					};
					8CB3DA5D2BBDD13900C8F5E3 = {
						CreatedOnToolsVersion = 15.2;
						TestTargetID = 8CB3DA432BBDD13600C8F5E3;
					};
				};
			};
			buildConfigurationList = 8CB3DA3F2BBDD13600C8F5E3 /* Build configuration list for PBXProject "ReportIt" */;
			compatibilityVersion = "Xcode 14.0";
			developmentRegion = en;
			hasScannedForEncodings = 0;
			knownRegions = (
				en,
				Base,
			);
			mainGroup = 8CB3DA3B2BBDD13600C8F5E3;
			packageReferences = (
				8C4212E22BBFE5F200B55718 /* XCRemoteSwiftPackageReference "GoogleCloudKit" */,
			);
			productRefGroup = 8CB3DA452BBDD13600C8F5E3 /* Products */;
			projectDirPath = "";
			projectRoot = "";
			targets = (
				8CB3DA432BBDD13600C8F5E3 /* ReportIt */,
				8CB3DA532BBDD13900C8F5E3 /* ReportItTests */,
				8CB3DA5D2BBDD13900C8F5E3 /* ReportItUITests */,
			);
		};
/* End PBXProject section */

/* Begin PBXResourcesBuildPhase section */
		8CB3DA422BBDD13600C8F5E3 /* Resources */ = {
			isa = PBXResourcesBuildPhase;
			buildActionMask = 2147483647;
			files = (
				8CB3DA4F2BBDD13900C8F5E3 /* Preview Assets.xcassets in Resources */,
				8CB3DA4C2BBDD13900C8F5E3 /* Assets.xcassets in Resources */,
			);
			runOnlyForDeploymentPostprocessing = 0;
		};
		8CB3DA522BBDD13900C8F5E3 /* Resources */ = {
			isa = PBXResourcesBuildPhase;
			buildActionMask = 2147483647;
			files = (
			);
			runOnlyForDeploymentPostprocessing = 0;
		};
		8CB3DA5C2BBDD13900C8F5E3 /* Resources */ = {
			isa = PBXResourcesBuildPhase;
			buildActionMask = 2147483647;
			files = (
			);
			runOnlyForDeploymentPostprocessing = 0;
		};
/* End PBXResourcesBuildPhase section */

/* Begin PBXSourcesBuildPhase section */
		8CB3DA402BBDD13600C8F5E3 /* Sources */ = {
			isa = PBXSourcesBuildPhase;
			buildActionMask = 2147483647;
			files = (
				8C4212F62BC21CB100B55718 /* HomeView.swift in Sources */,
				8CB3DA482BBDD13600C8F5E3 /* ReportItApp.swift in Sources */,
				8C4212FC2BC39F5A00B55718 /* Router.swift in Sources */,
				8C4213062BC3EB1600B55718 /* BugDataModel.swift in Sources */,
				8C4212F72BC21CB100B55718 /* Utilities.swift in Sources */,
				8C4213022BC3C37300B55718 /* BugWidget.swift in Sources */,
				8C4213082BC3EFDD00B55718 /* BugDetailsView.swift in Sources */,
				8C4212F52BC21CB100B55718 /* LaunchView.swift in Sources */,
				8C4212FE2BC3A05C00B55718 /* ReportBugView.swift in Sources */,
				8C4213002BC3A0DA00B55718 /* LatestBugsView.swift in Sources */,
			);
			runOnlyForDeploymentPostprocessing = 0;
		};
		8CB3DA502BBDD13900C8F5E3 /* Sources */ = {
			isa = PBXSourcesBuildPhase;
			buildActionMask = 2147483647;
			files = (
				8CB3DA592BBDD13900C8F5E3 /* ReportItTests.swift in Sources */,
			);
			runOnlyForDeploymentPostprocessing = 0;
		};
		8CB3DA5A2BBDD13900C8F5E3 /* Sources */ = {
			isa = PBXSourcesBuildPhase;
			buildActionMask = 2147483647;
			files = (
				8CB3DA652BBDD13900C8F5E3 /* ReportItUITestsLaunchTests.swift in Sources */,
				8CB3DA632BBDD13900C8F5E3 /* ReportItUITests.swift in Sources */,
			);
			runOnlyForDeploymentPostprocessing = 0;
		};
/* End PBXSourcesBuildPhase section */

/* Begin PBXTargetDependency section */
		8CB3DA562BBDD13900C8F5E3 /* PBXTargetDependency */ = {
			isa = PBXTargetDependency;
			target = 8CB3DA432BBDD13600C8F5E3 /* ReportIt */;
			targetProxy = 8CB3DA552BBDD13900C8F5E3 /* PBXContainerItemProxy */;
		};
		8CB3DA602BBDD13900C8F5E3 /* PBXTargetDependency */ = {
			isa = PBXTargetDependency;
			target = 8CB3DA432BBDD13600C8F5E3 /* ReportIt */;
			targetProxy = 8CB3DA5F2BBDD13900C8F5E3 /* PBXContainerItemProxy */;
		};
/* End PBXTargetDependency section */

/* Begin XCBuildConfiguration section */
		8CB3DA662BBDD13900C8F5E3 /* Debug */ = {
			isa = XCBuildConfiguration;
			buildSettings = {
				ALWAYS_SEARCH_USER_PATHS = NO;
				ASSETCATALOG_COMPILER_GENERATE_SWIFT_ASSET_SYMBOL_EXTENSIONS = YES;
				CLANG_ANALYZER_NONNULL = YES;
				CLANG_ANALYZER_NUMBER_OBJECT_CONVERSION = YES_AGGRESSIVE;
				CLANG_CXX_LANGUAGE_STANDARD = "gnu++20";
				CLANG_ENABLE_MODULES = YES;
				CLANG_ENABLE_OBJC_ARC = YES;
				CLANG_ENABLE_OBJC_WEAK = YES;
				CLANG_WARN_BLOCK_CAPTURE_AUTORELEASING = YES;
				CLANG_WARN_BOOL_CONVERSION = YES;
				CLANG_WARN_COMMA = YES;
				CLANG_WARN_CONSTANT_CONVERSION = YES;
				CLANG_WARN_DEPRECATED_OBJC_IMPLEMENTATIONS = YES;
				CLANG_WARN_DIRECT_OBJC_ISA_USAGE = YES_ERROR;
				CLANG_WARN_DOCUMENTATION_COMMENTS = YES;
				CLANG_WARN_EMPTY_BODY = YES;
				CLANG_WARN_ENUM_CONVERSION = YES;
				CLANG_WARN_INFINITE_RECURSION = YES;
				CLANG_WARN_INT_CONVERSION = YES;
				CLANG_WARN_NON_LITERAL_NULL_CONVERSION = YES;
				CLANG_WARN_OBJC_IMPLICIT_RETAIN_SELF = YES;
				CLANG_WARN_OBJC_LITERAL_CONVERSION = YES;
				CLANG_WARN_OBJC_ROOT_CLASS = YES_ERROR;
				CLANG_WARN_QUOTED_INCLUDE_IN_FRAMEWORK_HEADER = YES;
				CLANG_WARN_RANGE_LOOP_ANALYSIS = YES;
				CLANG_WARN_STRICT_PROTOTYPES = YES;
				CLANG_WARN_SUSPICIOUS_MOVE = YES;
				CLANG_WARN_UNGUARDED_AVAILABILITY = YES_AGGRESSIVE;
				CLANG_WARN_UNREACHABLE_CODE = YES;
				CLANG_WARN__DUPLICATE_METHOD_MATCH = YES;
				COPY_PHASE_STRIP = NO;
				DEBUG_INFORMATION_FORMAT = dwarf;
				ENABLE_STRICT_OBJC_MSGSEND = YES;
				ENABLE_TESTABILITY = YES;
				ENABLE_USER_SCRIPT_SANDBOXING = YES;
				GCC_C_LANGUAGE_STANDARD = gnu17;
				GCC_DYNAMIC_NO_PIC = NO;
				GCC_NO_COMMON_BLOCKS = YES;
				GCC_OPTIMIZATION_LEVEL = 0;
				GCC_PREPROCESSOR_DEFINITIONS = (
					"DEBUG=1",
					"$(inherited)",
				);
				GCC_WARN_64_TO_32_BIT_CONVERSION = YES;
				GCC_WARN_ABOUT_RETURN_TYPE = YES_ERROR;
				GCC_WARN_UNDECLARED_SELECTOR = YES;
				GCC_WARN_UNINITIALIZED_AUTOS = YES_AGGRESSIVE;
				GCC_WARN_UNUSED_FUNCTION = YES;
				GCC_WARN_UNUSED_VARIABLE = YES;
				IPHONEOS_DEPLOYMENT_TARGET = 17.2;
				LOCALIZATION_PREFERS_STRING_CATALOGS = YES;
				MTL_ENABLE_DEBUG_INFO = INCLUDE_SOURCE;
				MTL_FAST_MATH = YES;
				ONLY_ACTIVE_ARCH = YES;
				SDKROOT = iphoneos;
				SWIFT_ACTIVE_COMPILATION_CONDITIONS = "DEBUG $(inherited)";
				SWIFT_OPTIMIZATION_LEVEL = "-Onone";
			};
			name = Debug;
		};
		8CB3DA672BBDD13900C8F5E3 /* Release */ = {
			isa = XCBuildConfiguration;
			buildSettings = {
				ALWAYS_SEARCH_USER_PATHS = NO;
				ASSETCATALOG_COMPILER_GENERATE_SWIFT_ASSET_SYMBOL_EXTENSIONS = YES;
				CLANG_ANALYZER_NONNULL = YES;
				CLANG_ANALYZER_NUMBER_OBJECT_CONVERSION = YES_AGGRESSIVE;
				CLANG_CXX_LANGUAGE_STANDARD = "gnu++20";
				CLANG_ENABLE_MODULES = YES;
				CLANG_ENABLE_OBJC_ARC = YES;
				CLANG_ENABLE_OBJC_WEAK = YES;
				CLANG_WARN_BLOCK_CAPTURE_AUTORELEASING = YES;
				CLANG_WARN_BOOL_CONVERSION = YES;
				CLANG_WARN_COMMA = YES;
				CLANG_WARN_CONSTANT_CONVERSION = YES;
				CLANG_WARN_DEPRECATED_OBJC_IMPLEMENTATIONS = YES;
				CLANG_WARN_DIRECT_OBJC_ISA_USAGE = YES_ERROR;
				CLANG_WARN_DOCUMENTATION_COMMENTS = YES;
				CLANG_WARN_EMPTY_BODY = YES;
				CLANG_WARN_ENUM_CONVERSION = YES;
				CLANG_WARN_INFINITE_RECURSION = YES;
				CLANG_WARN_INT_CONVERSION = YES;
				CLANG_WARN_NON_LITERAL_NULL_CONVERSION = YES;
				CLANG_WARN_OBJC_IMPLICIT_RETAIN_SELF = YES;
				CLANG_WARN_OBJC_LITERAL_CONVERSION = YES;
				CLANG_WARN_OBJC_ROOT_CLASS = YES_ERROR;
				CLANG_WARN_QUOTED_INCLUDE_IN_FRAMEWORK_HEADER = YES;
				CLANG_WARN_RANGE_LOOP_ANALYSIS = YES;
				CLANG_WARN_STRICT_PROTOTYPES = YES;
				CLANG_WARN_SUSPICIOUS_MOVE = YES;
				CLANG_WARN_UNGUARDED_AVAILABILITY = YES_AGGRESSIVE;
				CLANG_WARN_UNREACHABLE_CODE = YES;
				CLANG_WARN__DUPLICATE_METHOD_MATCH = YES;
				COPY_PHASE_STRIP = NO;
				DEBUG_INFORMATION_FORMAT = "dwarf-with-dsym";
				ENABLE_NS_ASSERTIONS = NO;
				ENABLE_STRICT_OBJC_MSGSEND = YES;
				ENABLE_USER_SCRIPT_SANDBOXING = YES;
				GCC_C_LANGUAGE_STANDARD = gnu17;
				GCC_NO_COMMON_BLOCKS = YES;
				GCC_WARN_64_TO_32_BIT_CONVERSION = YES;
				GCC_WARN_ABOUT_RETURN_TYPE = YES_ERROR;
				GCC_WARN_UNDECLARED_SELECTOR = YES;
				GCC_WARN_UNINITIALIZED_AUTOS = YES_AGGRESSIVE;
				GCC_WARN_UNUSED_FUNCTION = YES;
				GCC_WARN_UNUSED_VARIABLE = YES;
				IPHONEOS_DEPLOYMENT_TARGET = 17.2;
				LOCALIZATION_PREFERS_STRING_CATALOGS = YES;
				MTL_ENABLE_DEBUG_INFO = NO;
				MTL_FAST_MATH = YES;
				SDKROOT = iphoneos;
				SWIFT_COMPILATION_MODE = wholemodule;
				VALIDATE_PRODUCT = YES;
			};
			name = Release;
		};
		8CB3DA692BBDD13900C8F5E3 /* Debug */ = {
			isa = XCBuildConfiguration;
			buildSettings = {
				ASSETCATALOG_COMPILER_APPICON_NAME = AppIcon;
				ASSETCATALOG_COMPILER_GLOBAL_ACCENT_COLOR_NAME = AccentColor;
				CODE_SIGN_STYLE = Automatic;
				CURRENT_PROJECT_VERSION = 1.0.0;
				DEVELOPMENT_ASSET_PATHS = "\"ReportIt/Preview Content\"";
				DEVELOPMENT_TEAM = 2V3BM7WMH8;
				ENABLE_PREVIEWS = YES;
				GENERATE_INFOPLIST_FILE = YES;
				INFOPLIST_FILE = ReportIt/Info.plist;
				INFOPLIST_KEY_CFBundleDisplayName = ReportIt;
				INFOPLIST_KEY_LSApplicationCategoryType = "public.app-category.developer-tools";
				INFOPLIST_KEY_UIApplicationSceneManifest_Generation = YES;
				INFOPLIST_KEY_UIApplicationSupportsIndirectInputEvents = YES;
				INFOPLIST_KEY_UILaunchScreen_Generation = YES;
				INFOPLIST_KEY_UISupportedInterfaceOrientations = UIInterfaceOrientationPortrait;
				INFOPLIST_KEY_UISupportedInterfaceOrientations_iPad = "UIInterfaceOrientationLandscapeLeft UIInterfaceOrientationLandscapeRight UIInterfaceOrientationPortrait UIInterfaceOrientationPortraitUpsideDown";
				LD_RUNPATH_SEARCH_PATHS = (
					"$(inherited)",
					"@executable_path/Frameworks",
				);
				MARKETING_VERSION = 1.0.0;
				PRODUCT_BUNDLE_IDENTIFIER = "Taif-Aldehbash.ReportIt";
				PRODUCT_NAME = "$(TARGET_NAME)";
				SUPPORTED_PLATFORMS = "iphoneos iphonesimulator";
				SUPPORTS_MACCATALYST = NO;
				SUPPORTS_MAC_DESIGNED_FOR_IPHONE_IPAD = NO;
				SUPPORTS_XR_DESIGNED_FOR_IPHONE_IPAD = NO;
				SWIFT_EMIT_LOC_STRINGS = YES;
				SWIFT_VERSION = 5.0;
				TARGETED_DEVICE_FAMILY = 1;
			};
			name = Debug;
		};
		8CB3DA6A2BBDD13900C8F5E3 /* Release */ = {
			isa = XCBuildConfiguration;
			buildSettings = {
				ASSETCATALOG_COMPILER_APPICON_NAME = AppIcon;
				ASSETCATALOG_COMPILER_GLOBAL_ACCENT_COLOR_NAME = AccentColor;
				CODE_SIGN_STYLE = Automatic;
				CURRENT_PROJECT_VERSION = 1.0.0;
				DEVELOPMENT_ASSET_PATHS = "\"ReportIt/Preview Content\"";
				DEVELOPMENT_TEAM = 2V3BM7WMH8;
				ENABLE_PREVIEWS = YES;
				GENERATE_INFOPLIST_FILE = YES;
				INFOPLIST_FILE = ReportIt/Info.plist;
				INFOPLIST_KEY_CFBundleDisplayName = ReportIt;
				INFOPLIST_KEY_LSApplicationCategoryType = "public.app-category.developer-tools";
				INFOPLIST_KEY_UIApplicationSceneManifest_Generation = YES;
				INFOPLIST_KEY_UIApplicationSupportsIndirectInputEvents = YES;
				INFOPLIST_KEY_UILaunchScreen_Generation = YES;
				INFOPLIST_KEY_UISupportedInterfaceOrientations = UIInterfaceOrientationPortrait;
				INFOPLIST_KEY_UISupportedInterfaceOrientations_iPad = "UIInterfaceOrientationLandscapeLeft UIInterfaceOrientationLandscapeRight UIInterfaceOrientationPortrait UIInterfaceOrientationPortraitUpsideDown";
				LD_RUNPATH_SEARCH_PATHS = (
					"$(inherited)",
					"@executable_path/Frameworks",
				);
				MARKETING_VERSION = 1.0.0;
				PRODUCT_BUNDLE_IDENTIFIER = "Taif-Aldehbash.ReportIt";
				PRODUCT_NAME = "$(TARGET_NAME)";
				SUPPORTED_PLATFORMS = "iphoneos iphonesimulator";
				SUPPORTS_MACCATALYST = NO;
				SUPPORTS_MAC_DESIGNED_FOR_IPHONE_IPAD = NO;
				SUPPORTS_XR_DESIGNED_FOR_IPHONE_IPAD = NO;
				SWIFT_EMIT_LOC_STRINGS = YES;
				SWIFT_VERSION = 5.0;
				TARGETED_DEVICE_FAMILY = 1;
			};
			name = Release;
		};
		8CB3DA6C2BBDD13900C8F5E3 /* Debug */ = {
			isa = XCBuildConfiguration;
			buildSettings = {
				ALWAYS_EMBED_SWIFT_STANDARD_LIBRARIES = YES;
				BUNDLE_LOADER = "$(TEST_HOST)";
				CODE_SIGN_STYLE = Automatic;
				CURRENT_PROJECT_VERSION = 1;
				DEVELOPMENT_TEAM = 2V3BM7WMH8;
				GENERATE_INFOPLIST_FILE = YES;
				IPHONEOS_DEPLOYMENT_TARGET = 17.2;
				MARKETING_VERSION = 1.0;
				PRODUCT_BUNDLE_IDENTIFIER = "Taif-Aldehbash.ReportItTests";
				PRODUCT_NAME = "$(TARGET_NAME)";
				SWIFT_EMIT_LOC_STRINGS = NO;
				SWIFT_VERSION = 5.0;
				TARGETED_DEVICE_FAMILY = "1,2";
				TEST_HOST = "$(BUILT_PRODUCTS_DIR)/ReportIt.app/$(BUNDLE_EXECUTABLE_FOLDER_PATH)/ReportIt";
			};
			name = Debug;
		};
		8CB3DA6D2BBDD13900C8F5E3 /* Release */ = {
			isa = XCBuildConfiguration;
			buildSettings = {
				ALWAYS_EMBED_SWIFT_STANDARD_LIBRARIES = YES;
				BUNDLE_LOADER = "$(TEST_HOST)";
				CODE_SIGN_STYLE = Automatic;
				CURRENT_PROJECT_VERSION = 1;
				DEVELOPMENT_TEAM = 2V3BM7WMH8;
				GENERATE_INFOPLIST_FILE = YES;
				IPHONEOS_DEPLOYMENT_TARGET = 17.2;
				MARKETING_VERSION = 1.0;
				PRODUCT_BUNDLE_IDENTIFIER = "Taif-Aldehbash.ReportItTests";
				PRODUCT_NAME = "$(TARGET_NAME)";
				SWIFT_EMIT_LOC_STRINGS = NO;
				SWIFT_VERSION = 5.0;
				TARGETED_DEVICE_FAMILY = "1,2";
				TEST_HOST = "$(BUILT_PRODUCTS_DIR)/ReportIt.app/$(BUNDLE_EXECUTABLE_FOLDER_PATH)/ReportIt";
			};
			name = Release;
		};
		8CB3DA6F2BBDD13900C8F5E3 /* Debug */ = {
			isa = XCBuildConfiguration;
			buildSettings = {
				ALWAYS_EMBED_SWIFT_STANDARD_LIBRARIES = YES;
				CODE_SIGN_STYLE = Automatic;
				CURRENT_PROJECT_VERSION = 1;
				DEVELOPMENT_TEAM = 2V3BM7WMH8;
				GENERATE_INFOPLIST_FILE = YES;
				MARKETING_VERSION = 1.0;
				PRODUCT_BUNDLE_IDENTIFIER = "Taif-Aldehbash.ReportItUITests";
				PRODUCT_NAME = "$(TARGET_NAME)";
				SWIFT_EMIT_LOC_STRINGS = NO;
				SWIFT_VERSION = 5.0;
				TARGETED_DEVICE_FAMILY = "1,2";
				TEST_TARGET_NAME = ReportIt;
			};
			name = Debug;
		};
		8CB3DA702BBDD13900C8F5E3 /* Release */ = {
			isa = XCBuildConfiguration;
			buildSettings = {
				ALWAYS_EMBED_SWIFT_STANDARD_LIBRARIES = YES;
				CODE_SIGN_STYLE = Automatic;
				CURRENT_PROJECT_VERSION = 1;
				DEVELOPMENT_TEAM = 2V3BM7WMH8;
				GENERATE_INFOPLIST_FILE = YES;
				MARKETING_VERSION = 1.0;
				PRODUCT_BUNDLE_IDENTIFIER = "Taif-Aldehbash.ReportItUITests";
				PRODUCT_NAME = "$(TARGET_NAME)";
				SWIFT_EMIT_LOC_STRINGS = NO;
				SWIFT_VERSION = 5.0;
				TARGETED_DEVICE_FAMILY = "1,2";
				TEST_TARGET_NAME = ReportIt;
			};
			name = Release;
		};
/* End XCBuildConfiguration section */

/* Begin XCConfigurationList section */
		8CB3DA3F2BBDD13600C8F5E3 /* Build configuration list for PBXProject "ReportIt" */ = {
			isa = XCConfigurationList;
			buildConfigurations = (
				8CB3DA662BBDD13900C8F5E3 /* Debug */,
				8CB3DA672BBDD13900C8F5E3 /* Release */,
			);
			defaultConfigurationIsVisible = 0;
			defaultConfigurationName = Release;
		};
		8CB3DA682BBDD13900C8F5E3 /* Build configuration list for PBXNativeTarget "ReportIt" */ = {
			isa = XCConfigurationList;
			buildConfigurations = (
				8CB3DA692BBDD13900C8F5E3 /* Debug */,
				8CB3DA6A2BBDD13900C8F5E3 /* Release */,
			);
			defaultConfigurationIsVisible = 0;
			defaultConfigurationName = Release;
		};
		8CB3DA6B2BBDD13900C8F5E3 /* Build configuration list for PBXNativeTarget "ReportItTests" */ = {
			isa = XCConfigurationList;
			buildConfigurations = (
				8CB3DA6C2BBDD13900C8F5E3 /* Debug */,
				8CB3DA6D2BBDD13900C8F5E3 /* Release */,
			);
			defaultConfigurationIsVisible = 0;
			defaultConfigurationName = Release;
		};
		8CB3DA6E2BBDD13900C8F5E3 /* Build configuration list for PBXNativeTarget "ReportItUITests" */ = {
			isa = XCConfigurationList;
			buildConfigurations = (
				8CB3DA6F2BBDD13900C8F5E3 /* Debug */,
				8CB3DA702BBDD13900C8F5E3 /* Release */,
			);
			defaultConfigurationIsVisible = 0;
			defaultConfigurationName = Release;
		};
/* End XCConfigurationList section */

/* Begin XCRemoteSwiftPackageReference section */
		8C4212E22BBFE5F200B55718 /* XCRemoteSwiftPackageReference "GoogleCloudKit" */ = {
			isa = XCRemoteSwiftPackageReference;
			repositoryURL = "https://github.com/TaifAldehbash/GoogleCloudKit.git";
			requirement = {
				branch = main;
				kind = branch;
			};
		};
/* End XCRemoteSwiftPackageReference section */

/* Begin XCSwiftPackageProductDependency section */
		8C4212E32BBFE5F200B55718 /* GoogleCloudKit */ = {
			isa = XCSwiftPackageProductDependency;
			package = 8C4212E22BBFE5F200B55718 /* XCRemoteSwiftPackageReference "GoogleCloudKit" */;
			productName = GoogleCloudKit;
		};
/* End XCSwiftPackageProductDependency section */
	};
	rootObject = 8CB3DA3C2BBDD13600C8F5E3 /* Project object */;
}
